
Microsoft Visual Studio Solution File, Format Version 12.00
# Visual Studio Version 17
VisualStudioVersion = 17.13.35828.75 d17.13
MinimumVisualStudioVersion = 10.0.40219.1
Project("{FAE04EC0-301F-11D3-BF4B-00C04F79EFBC}") = "Conta", "Conta.csproj", "{5B23C6B1-4666-417D-8F32-B2533744461A}"
EndProject
Global
	GlobalSection(SolutionConfigurationPlatforms) = preSolution
		Debug|Any CPU = Debug|Any CPU
		Release|Any CPU = Release|Any CPU
	EndGlobalSection
	GlobalSection(ProjectConfigurationPlatforms) = postSolution
		{5B23C6B1-4666-417D-8F32-B2533744461A}.Debug|Any CPU.ActiveCfg = Debug|Any CPU
		{5B23C6B1-4666-417D-8F32-B2533744461A}.Debug|Any CPU.Build.0 = Debug|Any CPU
		{5B23C6B1-4666-417D-8F32-B2533744461A}.Release|Any CPU.ActiveCfg = Release|Any CPU
		{5B23C6B1-4666-417D-8F32-B2533744461A}.Release|Any CPU.Build.0 = Release|Any CPU
	EndGlobalSection
	GlobalSection(SolutionProperties) = preSolution
		HideSolutionNode = FALSE
	EndGlobalSection
	GlobalSection(ExtensibilityGlobals) = postSolution
		SolutionGuid = {1483FF62-F5F6-43F3-99D8-7F46A7E2DF9F}
	EndGlobalSection
EndGlobal
